
Microsoft Visual Studio Solution File, Format Version 12.00
# Visual Studio Version 16
VisualStudioVersion = 16.0.30114.105
MinimumVisualStudioVersion = 10.0.40219.1
Project("{8BC9CEB8-8B4A-11D0-8D11-00A0C91BC942}") = "ParallelBinaryPinOutput", "ParallelBinaryPinOutput.vcxitems", "{A1B191F7-1DCB-40AF-BDB8-2F91B62C4BE1}"
EndProject
Global
	GlobalSection(SolutionProperties) = preSolution
		HideSolutionNode = FALSE
	EndGlobalSection
	GlobalSection(ExtensibilityGlobals) = postSolution
		SolutionGuid = {A11DB024-8F37-4380-A971-A0AD9A21178B}
	EndGlobalSection
EndGlobal
